// !$*UTF8*$!
{
	archiveVersion = 1;
	classes = {
	};
	objectVersion = 56;
	objects = {

/* Begin PBXBuildFile section */
		F04050C8EB574845B8EE29884DC74B48 /* NetworkSwitchGetterApp.swift in Sources */ = {isa = PBXBuildFile; fileRef = 438F78EFF2F641D0B79002AF87C37EED /* NetworkSwitchGetterApp.swift */; };
		C56A733773CE4F14A35DCC439CD0D1D0 /* ContentView.swift in Sources */ = {isa = PBXBuildFile; fileRef = C09DDE6847F049BCBD2651ABAD490762 /* ContentView.swift */; };
		F3ECA45C50FE41E885E0AC0F4858B783 /* Assets.xcassets in Resources */ = {isa = PBXBuildFile; fileRef = D4BAE3FF03DD4F97A95625F3578D1C69 /* Assets.xcassets */; };
		E7572CF2804A408780845DF3D75B4134 /* Preview Assets.xcassets in Resources */ = {isa = PBXBuildFile; fileRef = EFF54EE29D344F928C9175FB832F8A3C /* Preview Assets.xcassets */; };
		B52A20C0BCEC4876BD8132FB13D971E2 /* NetworkDiscoveryManager.swift in Sources */ = {isa = PBXBuildFile; fileRef = 538D0239A4DE495A95FAB0D3460017FB /* NetworkDiscoveryManager.swift */; };
		7CAC0056551E4101BC45C4660CA34E1F /* SwitchModel.swift in Sources */ = {isa = PBXBuildFile; fileRef = DA089020632B4E20BE6A59EB30E58B6B /* SwitchModel.swift */; };
		F1DA905F507E447AA5948402596196FF /* TroubleshootingView.swift in Sources */ = {isa = PBXBuildFile; fileRef = CD5FAB8377D04A428A4E5F5477C8BECC /* TroubleshootingView.swift */; };
		FF9E2DB791B141BA99F0EE939E19132D /* SwitchDetailView.swift in Sources */ = {isa = PBXBuildFile; fileRef = E2141288135E484A8914D0845879E443 /* SwitchDetailView.swift */; };
		957B974FC4604387B9F9FC9D9819E453 /* NetworkAnalytics.swift in Sources */ = {isa = PBXBuildFile; fileRef = D1A753F992CB4B7C99E883A008987FC2 /* NetworkAnalytics.swift */; };
		2B8FEFE0C3674BC9B83D50B63EA768EA /* NetworkMonitoringManager.swift in Sources */ = {isa = PBXBuildFile; fileRef = D3389A5C02D84D5398E8FDC9135B1C5B /* NetworkMonitoringManager.swift */; };
		F04050C8EB574845B8EE29884DC74B49 /* PocketDisplayWidget.swift in Sources */ = {isa = PBXBuildFile; fileRef = 438F78EFF2F641D0B79002AF87C37EEE /* PocketDisplayWidget.swift */; };
		C56A733773CE4F14A35DCC439CD0D1D1 /* AIConfigurationView.swift in Sources */ = {isa = PBXBuildFile; fileRef = C09DDE6847F049BCBD2651ABAD490763 /* AIConfigurationView.swift */; };
		F3ECA45C50FE41E885E0AC0F4858B784 /* NetworkAnalyticsDashboard.swift in Sources */ = {isa = PBXBuildFile; fileRef = D4BAE3FF03DD4F97A95625F3578D1C6A /* NetworkAnalyticsDashboard.swift */; };
		E7572CF2804A408780845DF3D75B4135 /* SettingsView.swift in Sources */ = {isa = PBXBuildFile; fileRef = EFF54EE29D344F928C9175FB832F8A3D /* SettingsView.swift */; };
		B52A20C0BCEC4876BD8132FB13D971E3 /* NetworkLogger.swift in Sources */ = {isa = PBXBuildFile; fileRef = 538D0239A4DE495A95FAB0D3460017FC /* NetworkLogger.swift */; };
		7CAC0056551E4101BC45C4660CA34E20 /* NetworkAnalyticsCore.swift in Sources */ = {isa = PBXBuildFile; fileRef = DA089020632B4E20BE6A59EB30E58B6C /* NetworkAnalyticsCore.swift */; };
/* End PBXBuildFile section */

/* Begin PBXFileReference section */
		F04050C8EB574845B8EE29884DC74B47 /* NetworkSwitchGetter.app */ = {isa = PBXFileReference; explicitFileType = wrapper.application; includeInIndex = 0; path = NetworkSwitchGetter.app; sourceTree = BUILT_PRODUCTS_DIR; };
		438F78EFF2F641D0B79002AF87C37EED /* NetworkSwitchGetterApp.swift */ = {isa = PBXFileReference; lastKnownFileType = sourcecode.swift; path = NetworkSwitchGetterApp.swift; sourceTree = "<group>"; };
		C09DDE6847F049BCBD2651ABAD490762 /* ContentView.swift */ = {isa = PBXFileReference; lastKnownFileType = sourcecode.swift; path = ContentView.swift; sourceTree = "<group>"; };
		D4BAE3FF03DD4F97A95625F3578D1C69 /* Assets.xcassets */ = {isa = PBXFileReference; lastKnownFileType = folder.assetcatalog; path = Assets.xcassets; sourceTree = "<group>"; };
		EFF54EE29D344F928C9175FB832F8A3C /* Preview Assets.xcassets */ = {isa = PBXFileReference; lastKnownFileType = folder.assetcatalog; path = "Preview Assets.xcassets"; sourceTree = "<group>"; };
		538D0239A4DE495A95FAB0D3460017FB /* NetworkDiscoveryManager.swift */ = {isa = PBXFileReference; lastKnownFileType = sourcecode.swift; path = NetworkDiscoveryManager.swift; sourceTree = "<group>"; };
		DA089020632B4E20BE6A59EB30E58B6B /* SwitchModel.swift */ = {isa = PBXFileReference; lastKnownFileType = sourcecode.swift; path = SwitchModel.swift; sourceTree = "<group>"; };
		CD5FAB8377D04A428A4E5F5477C8BECC /* TroubleshootingView.swift */ = {isa = PBXFileReference; lastKnownFileType = sourcecode.swift; path = TroubleshootingView.swift; sourceTree = "<group>"; };
		E2141288135E484A8914D0845879E443 /* SwitchDetailView.swift */ = {isa = PBXFileReference; lastKnownFileType = sourcecode.swift; path = SwitchDetailView.swift; sourceTree = "<group>"; };
		D1A753F992CB4B7C99E883A008987FC2 /* NetworkAnalytics.swift */ = {isa = PBXFileReference; lastKnownFileType = sourcecode.swift; path = NetworkAnalytics.swift; sourceTree = "<group>"; };
		D3389A5C02D84D5398E8FDC9135B1C5B /* NetworkMonitoringManager.swift */ = {isa = PBXFileReference; lastKnownFileType = sourcecode.swift; path = NetworkMonitoringManager.swift; sourceTree = "<group>"; };
		438F78EFF2F641D0B79002AF87C37EEE /* PocketDisplayWidget.swift */ = {isa = PBXFileReference; lastKnownFileType = sourcecode.swift; path = PocketDisplayWidget.swift; sourceTree = "<group>"; };
		C09DDE6847F049BCBD2651ABAD490763 /* AIConfigurationView.swift */ = {isa = PBXFileReference; lastKnownFileType = sourcecode.swift; path = AIConfigurationView.swift; sourceTree = "<group>"; };
		D4BAE3FF03DD4F97A95625F3578D1C6A /* NetworkAnalyticsDashboard.swift */ = {isa = PBXFileReference; lastKnownFileType = sourcecode.swift; path = NetworkAnalyticsDashboard.swift; sourceTree = "<group>"; };
		EFF54EE29D344F928C9175FB832F8A3D /* SettingsView.swift */ = {isa = PBXFileReference; lastKnownFileType = sourcecode.swift; path = SettingsView.swift; sourceTree = "<group>"; };
		538D0239A4DE495A95FAB0D3460017FC /* NetworkLogger.swift */ = {isa = PBXFileReference; lastKnownFileType = sourcecode.swift; path = NetworkLogger.swift; sourceTree = "<group>"; };
		DA089020632B4E20BE6A59EB30E58B6C /* NetworkAnalyticsCore.swift */ = {isa = PBXFileReference; lastKnownFileType = sourcecode.swift; path = NetworkAnalyticsCore.swift; sourceTree = "<group>"; };
/* End PBXFileReference section */

/* Begin PBXFrameworksBuildPhase section */
		F04050C8EB574845B8EE29884DC74B46 /* Frameworks */ = {
			isa = PBXFrameworksBuildPhase;
			buildActionMask = 2147483647;
			files = (
			);
			runOnlyForDeploymentPostprocessing = 0;
		};
/* End PBXFrameworksBuildPhase section */

/* Begin PBXGroup section */
		F04050C8EB574845B8EE29884DC74B45 /* NetworkSwitchGetter */ = {
			isa = PBXGroup;
			children = (
				438F78EFF2F641D0B79002AF87C37EED /* NetworkSwitchGetterApp.swift */,
				C09DDE6847F049BCBD2651ABAD490762 /* ContentView.swift */,
				CD5FAB8377D04A428A4E5F5477C8BECC /* TroubleshootingView.swift */,
				E2141288135E484A8914D0845879E443 /* SwitchDetailView.swift */,
				D1A753F992CB4B7C99E883A008987FC2 /* NetworkAnalytics.swift */,
				D3389A5C02D84D5398E8FDC9135B1C5B /* NetworkMonitoringManager.swift */,
				538D0239A4DE495A95FAB0D3460017FB /* NetworkDiscoveryManager.swift */,
				DA089020632B4E20BE6A59EB30E58B6B /* SwitchModel.swift */,
				438F78EFF2F641D0B79002AF87C37EEE /* PocketDisplayWidget.swift */,
				C09DDE6847F049BCBD2651ABAD490763 /* AIConfigurationView.swift */,
				D4BAE3FF03DD4F97A95625F3578D1C6A /* NetworkAnalyticsDashboard.swift */,
				EFF54EE29D344F928C9175FB832F8A3D /* SettingsView.swift */,
				538D0239A4DE495A95FAB0D3460017FC /* NetworkLogger.swift */,
				DA089020632B4E20BE6A59EB30E58B6C /* NetworkAnalyticsCore.swift */,
				D4BAE3FF03DD4F97A95625F3578D1C69 /* Assets.xcassets */,
				EFF54EE29D344F928C9175FB832F8A3C /* Preview Assets.xcassets */,
			);
			path = NetworkSwitchGetter;
			sourceTree = "<group>";
		};
		EFF54EE29D344F928C9175FB832F8A3E /* Preview Content */ = {
			isa = PBXGroup;
			children = (
				EFF54EE29D344F928C9175FB832F8A3C /* Preview Assets.xcassets */,
			);
			path = "Preview Content";
			sourceTree = "<group>";
		};
		F04050C8EB574845B8EE29884DC74B44 = {
			isa = PBXGroup;
			children = (
				F04050C8EB574845B8EE29884DC74B45 /* NetworkSwitchGetter */,
				F04050C8EB574845B8EE29884DC74B48 /* Products */,
			);
			sourceTree = "<group>";
		};
		F04050C8EB574845B8EE29884DC74B48 /* Products */ = {
			isa = PBXGroup;
			children = (
				F04050C8EB574845B8EE29884DC74B47 /* NetworkSwitchGetter.app */,
			);
			name = Products;
			sourceTree = "<group>";
		};
/* End PBXGroup section */

/* Begin PBXNativeTarget section */
		F04050C8EB574845B8EE29884DC74B46 /* NetworkSwitchGetter */ = {
			isa = PBXNativeTarget;
			buildConfigurationList = F04050C8EB574845B8EE29884DC74B4A /* Build configuration list for PBXNativeTarget "NetworkSwitchGetter" */;
			buildPhases = (
				F04050C8EB574845B8EE29884DC74B43 /* Sources */,
				F04050C8EB574845B8EE29884DC74B46 /* Frameworks */,
				F04050C8EB574845B8EE29884DC74B49 /* Resources */,
			);
			buildRules = (
			);
			dependencies = (
			);
			name = NetworkSwitchGetter;
			productName = NetworkSwitchGetter;
			productReference = F04050C8EB574845B8EE29884DC74B47 /* NetworkSwitchGetter.app */;
			productType = "com.apple.product-type.application";
		};
/* End PBXNativeTarget section */

/* Begin PBXProject section */
		F04050C8EB574845B8EE29884DC74B42 /* Project object */ = {
			isa = PBXProject;
			attributes = {
				BuildIndependentTargetsInParallel = 1;
				LastSwiftUpdateCheck = 1600;
				LastUpgradeCheck = 1600;
				TargetAttributes = {
					F04050C8EB574845B8EE29884DC74B46 = {
						CreatedOnToolsVersion = 16.0;
					};
				};
			};
			buildConfigurationList = F04050C8EB574845B8EE29884DC74B4B /* Build configuration list for PBXProject "NetworkSwitchGetter" */;
			compatibilityVersion = "Xcode 14.0";
			developmentRegion = en;
			hasScannedForEncodings = 0;
			knownRegions = (
				en,
				Base,
			);
			mainGroup = F04050C8EB574845B8EE29884DC74B44;
			productRefGroup = F04050C8EB574845B8EE29884DC74B48 /* Products */;
			projectDirPath = "";
			projectRoot = "";
			targets = (
				F04050C8EB574845B8EE29884DC74B46 /* NetworkSwitchGetter */,
			);
		};
/* End PBXProject section */

/* Begin PBXResourcesBuildPhase section */
		F04050C8EB574845B8EE29884DC74B49 /* Resources */ = {
			isa = PBXResourcesBuildPhase;
			buildActionMask = 2147483647;
			files = (
				E7572CF2804A408780845DF3D75B4134 /* Preview Assets.xcassets in Resources */,
				F3ECA45C50FE41E885E0AC0F4858B783 /* Assets.xcassets in Resources */,
			);
			runOnlyForDeploymentPostprocessing = 0;
		};
/* End PBXResourcesBuildPhase section */

/* Begin PBXSourcesBuildPhase section */
		F04050C8EB574845B8EE29884DC74B43 /* Sources */ = {
			isa = PBXSourcesBuildPhase;
			buildActionMask = 2147483647;
			files = (
				F04050C8EB574845B8EE29884DC74B48 /* NetworkSwitchGetterApp.swift in Sources */,
				C56A733773CE4F14A35DCC439CD0D1D0 /* ContentView.swift in Sources */,
				B52A20C0BCEC4876BD8132FB13D971E2 /* NetworkDiscoveryManager.swift in Sources */,
				7CAC0056551E4101BC45C4660CA34E1F /* SwitchModel.swift in Sources */,
				F1DA905F507E447AA5948402596196FF /* TroubleshootingView.swift in Sources */,
				FF9E2DB791B141BA99F0EE939E19132D /* SwitchDetailView.swift in Sources */,
				957B974FC4604387B9F9FC9D9819E453 /* NetworkAnalytics.swift in Sources */,
				2B8FEFE0C3674BC9B83D50B63EA768EA /* NetworkMonitoringManager.swift in Sources */,
				F04050C8EB574845B8EE29884DC74B49 /* PocketDisplayWidget.swift in Sources */,
				C56A733773CE4F14A35DCC439CD0D1D1 /* AIConfigurationView.swift in Sources */,
				F3ECA45C50FE41E885E0AC0F4858B784 /* NetworkAnalyticsDashboard.swift in Sources */,
				E7572CF2804A408780845DF3D75B4135 /* SettingsView.swift in Sources */,
				B52A20C0BCEC4876BD8132FB13D971E3 /* NetworkLogger.swift in Sources */,
				7CAC0056551E4101BC45C4660CA34E20 /* NetworkAnalyticsCore.swift in Sources */,
			);
			runOnlyForDeploymentPostprocessing = 0;
		};
/* End PBXSourcesBuildPhase section */

/* Begin XCBuildConfiguration section */
		F04050C8EB574845B8EE29884DC74B4C /* Debug */ = {
			isa = XCBuildConfiguration;
			buildSettings = {
				ALWAYS_SEARCH_USER_PATHS = NO;
				ASSETCATALOG_COMPILER_GENERATE_SWIFT_ASSET_SYMBOL_EXTENSIONS = YES;
				CLANG_ANALYZER_NONNULL = YES;
				CLANG_ANALYZER_NUMBER_OBJECT_CONVERSION = YES_AGGRESSIVE;
				CLANG_CXX_LANGUAGE_STANDARD = "gnu++20";
				CLANG_ENABLE_MODULES = YES;
				CLANG_ENABLE_OBJC_ARC = YES;
				CLANG_ENABLE_OBJC_WEAK = YES;
				CLANG_WARN_BLOCK_CAPTURE_AUTORELEASING = YES;
				CLANG_WARN_BOOL_CONVERSION = YES;
				CLANG_WARN_COMMA = YES;
				CLANG_WARN_CONSTANT_CONVERSION = YES;
				CLANG_WARN_DEPRECATED_OBJC_IMPLEMENTATIONS = YES;
				CLANG_WARN_DIRECT_OBJC_ISA_USAGE = YES_ERROR;
				CLANG_WARN_DOCUMENTATION_COMMENTS = YES;
				CLANG_WARN_EMPTY_BODY = YES;
				CLANG_WARN_ENUM_CONVERSION = YES;
				CLANG_WARN_INFINITE_RECURSION = YES;
				CLANG_WARN_INT_CONVERSION = YES;
				CLANG_WARN_NON_LITERAL_NULL_CONVERSION = YES;
				CLANG_WARN_OBJC_IMPLICIT_RETAIN_SELF = YES;
				CLANG_WARN_OBJC_LITERAL_CONVERSION = YES;
				CLANG_WARN_OBJC_ROOT_CLASS = YES_ERROR;
				CLANG_WARN_QUOTED_INCLUDE_IN_FRAMEWORK_HEADER = YES;
				CLANG_WARN_RANGE_LOOP_ANALYSIS = YES;
				CLANG_WARN_STRICT_PROTOTYPES = YES;
				CLANG_WARN_SUSPICIOUS_MOVE = YES;
				CLANG_WARN_UNGUARDED_AVAILABILITY = YES_AGGRESSIVE;
				CLANG_WARN_UNREACHABLE_CODE = YES;
				CLANG_WARN__DUPLICATE_METHOD_MATCH = YES;
				COPY_PHASE_STRIP = NO;
				DEBUG_INFORMATION_FORMAT = dwarf;
				ENABLE_STRICT_OBJC_MSGSEND = YES;
				ENABLE_TESTABILITY = YES;
				ENABLE_USER_SCRIPT_SANDBOXING = YES;
				GCC_C_LANGUAGE_STANDARD = gnu17;
				GCC_DYNAMIC_NO_PIC = NO;
				GCC_NO_COMMON_BLOCKS = YES;
				GCC_OPTIMIZATION_LEVEL = 0;
				GCC_PREPROCESSOR_DEFINITIONS = (
					"DEBUG=1",
					"$(inherited)",
				);
				GCC_WARN_64_TO_32_BIT_CONVERSION = YES;
				GCC_WARN_ABOUT_RETURN_TYPE = YES_ERROR;
				GCC_WARN_UNDECLARED_SELECTOR = YES;
				GCC_WARN_UNINITIALIZED_AUTOS = YES_AGGRESSIVE;
				GCC_WARN_UNUSED_FUNCTION = YES;
				GCC_WARN_UNUSED_VARIABLE = YES;
				IPHONEOS_DEPLOYMENT_TARGET = 17.0;
				LOCALIZATION_PREFERS_STRING_CATALOGS = YES;
				MTL_ENABLE_DEBUG_INFO = INCLUDE_SOURCE;
				MTL_FAST_MATH = YES;
				ONLY_ACTIVE_ARCH = YES;
				SDKROOT = iphoneos;
				SWIFT_ACTIVE_COMPILATION_CONDITIONS = "DEBUG $(inherited)";
				SWIFT_OPTIMIZATION_LEVEL = "-Onone";
			};
			name = Debug;
		};
		F04050C8EB574845B8EE29884DC74B4D /* Release */ = {
			isa = XCBuildConfiguration;
			buildSettings = {
				ALWAYS_SEARCH_USER_PATHS = NO;
				ASSETCATALOG_COMPILER_GENERATE_SWIFT_ASSET_SYMBOL_EXTENSIONS = YES;
				CLANG_ANALYZER_NONNULL = YES;
				CLANG_ANALYZER_NUMBER_OBJECT_CONVERSION = YES_AGGRESSIVE;
				CLANG_CXX_LANGUAGE_STANDARD = "gnu++20";
				CLANG_ENABLE_MODULES = YES;
				CLANG_ENABLE_OBJC_ARC = YES;
				CLANG_ENABLE_OBJC_WEAK = YES;
				CLANG_WARN_BLOCK_CAPTURE_AUTORELEASING = YES;
				CLANG_WARN_BOOL_CONVERSION = YES;
				CLANG_WARN_COMMA = YES;
				CLANG_WARN_CONSTANT_CONVERSION = YES;
				CLANG_WARN_DEPRECATED_OBJC_IMPLEMENTATIONS = YES;
				CLANG_WARN_DIRECT_OBJC_ISA_USAGE = YES_ERROR;
				CLANG_WARN_DOCUMENTATION_COMMENTS = YES;
				CLANG_WARN_EMPTY_BODY = YES;
				CLANG_WARN_ENUM_CONVERSION = YES;
				CLANG_WARN_INFINITE_RECURSION = YES;
				CLANG_WARN_INT_CONVERSION = YES;
				CLANG_WARN_NON_LITERAL_NULL_CONVERSION = YES;
				CLANG_WARN_OBJC_IMPLICIT_RETAIN_SELF = YES;
				CLANG_WARN_OBJC_LITERAL_CONVERSION = YES;
				CLANG_WARN_OBJC_ROOT_CLASS = YES_ERROR;
				CLANG_WARN_QUOTED_INCLUDE_IN_FRAMEWORK_HEADER = YES;
				CLANG_WARN_RANGE_LOOP_ANALYSIS = YES;
				CLANG_WARN_STRICT_PROTOTYPES = YES;
				CLANG_WARN_SUSPICIOUS_MOVE = YES;
				CLANG_WARN_UNGUARDED_AVAILABILITY = YES_AGGRESSIVE;
				CLANG_WARN_UNREACHABLE_CODE = YES;
				CLANG_WARN__DUPLICATE_METHOD_MATCH = YES;
				COPY_PHASE_STRIP = NO;
				DEBUG_INFORMATION_FORMAT = "dwarf-with-dsym";
				ENABLE_NS_ASSERTIONS = NO;
				ENABLE_STRICT_OBJC_MSGSEND = YES;
				ENABLE_USER_SCRIPT_SANDBOXING = YES;
				GCC_C_LANGUAGE_STANDARD = gnu17;
				GCC_NO_COMMON_BLOCKS = YES;
				GCC_WARN_64_TO_32_BIT_CONVERSION = YES;
				GCC_WARN_ABOUT_RETURN_TYPE = YES_ERROR;
				GCC_WARN_UNDECLARED_SELECTOR = YES;
				GCC_WARN_UNINITIALIZED_AUTOS = YES_AGGRESSIVE;
				GCC_WARN_UNUSED_FUNCTION = YES;
				GCC_WARN_UNUSED_VARIABLE = YES;
				IPHONEOS_DEPLOYMENT_TARGET = 17.0;
				LOCALIZATION_PREFERS_STRING_CATALOGS = YES;
				MTL_ENABLE_DEBUG_INFO = NO;
				MTL_FAST_MATH = YES;
				SDKROOT = iphoneos;
				SWIFT_COMPILATION_MODE = wholemodule;
				VALIDATE_PRODUCT = YES;
			};
			name = Release;
		};
		F04050C8EB574845B8EE29884DC74B4E /* Debug */ = {
			isa = XCBuildConfiguration;
			buildSettings = {
				ASSETCATALOG_COMPILER_APPICON_NAME = AppIcon;
				ASSETCATALOG_COMPILER_GLOBAL_ACCENT_COLOR_NAME = AccentColor;
				CODE_SIGN_STYLE = Automatic;
				CURRENT_PROJECT_VERSION = 1;
				DEVELOPMENT_ASSET_PATHS = "\"NetworkSwitchGetter/Preview Content\"";
				ENABLE_PREVIEWS = YES;
				GENERATE_INFOPLIST_FILE = YES;
				INFOPLIST_KEY_UIApplicationSceneManifest_Generation = YES;
				INFOPLIST_KEY_UIApplicationSupportsIndirectInputEvents = YES;
				INFOPLIST_KEY_UILaunchScreen_Generation = YES;
				INFOPLIST_KEY_UISupportedInterfaceOrientations_iPad = "UIInterfaceOrientationPortrait UIInterfaceOrientationPortraitUpsideDown UIInterfaceOrientationLandscapeLeft UIInterfaceOrientationLandscapeRight";
				INFOPLIST_KEY_UISupportedInterfaceOrientations_iPhone = "UIInterfaceOrientationPortrait UIInterfaceOrientationLandscapeLeft UIInterfaceOrientationLandscapeRight";
				LD_RUNPATH_SEARCH_PATHS = (
					"$(inherited)",
					"@executable_path/Frameworks",
				);
				MARKETING_VERSION = 1.0;
				PRODUCT_BUNDLE_IDENTIFIER = com.networkswitchgetter.NetworkSwitchGetter;
				PRODUCT_NAME = "$(TARGET_NAME)";
				SWIFT_EMIT_LOC_STRINGS = YES;
				SWIFT_VERSION = 5.0;
				TARGETED_DEVICE_FAMILY = "1,2";
			};
			name = Debug;
		};
		F04050C8EB574845B8EE29884DC74B4F /* Release */ = {
			isa = XCBuildConfiguration;
			buildSettings = {
				ASSETCATALOG_COMPILER_APPICON_NAME = AppIcon;
				ASSETCATALOG_COMPILER_GLOBAL_ACCENT_COLOR_NAME = AccentColor;
				CODE_SIGN_STYLE = Automatic;
				CURRENT_PROJECT_VERSION = 1;
				DEVELOPMENT_ASSET_PATHS = "\"NetworkSwitchGetter/Preview Content\"";
				ENABLE_PREVIEWS = YES;
				GENERATE_INFOPLIST_FILE = YES;
				INFOPLIST_KEY_UIApplicationSceneManifest_Generation = YES;
				INFOPLIST_KEY_UIApplicationSupportsIndirectInputEvents = YES;
				INFOPLIST_KEY_UILaunchScreen_Generation = YES;
				INFOPLIST_KEY_UISupportedInterfaceOrientations_iPad = "UIInterfaceOrientationPortrait UIInterfaceOrientationPortraitUpsideDown UIInterfaceOrientationLandscapeLeft UIInterfaceOrientationLandscapeRight";
				INFOPLIST_KEY_UISupportedInterfaceOrientations_iPhone = "UIInterfaceOrientationPortrait UIInterfaceOrientationLandscapeLeft UIInterfaceOrientationLandscapeRight";
				LD_RUNPATH_SEARCH_PATHS = (
					"$(inherited)",
					"@executable_path/Frameworks",
				);
				MARKETING_VERSION = 1.0;
				PRODUCT_BUNDLE_IDENTIFIER = com.networkswitchgetter.NetworkSwitchGetter;
				PRODUCT_NAME = "$(TARGET_NAME)";
				SWIFT_EMIT_LOC_STRINGS = YES;
				SWIFT_VERSION = 5.0;
				TARGETED_DEVICE_FAMILY = "1,2";
			};
			name = Release;
		};
/* End XCBuildConfiguration section */

/* Begin XCConfigurationList section */
		F04050C8EB574845B8EE29884DC74B4A /* Build configuration list for PBXNativeTarget "NetworkSwitchGetter" */ = {
			isa = XCConfigurationList;
			buildConfigurations = (
				F04050C8EB574845B8EE29884DC74B4E /* Debug */,
				F04050C8EB574845B8EE29884DC74B4F /* Release */,
			);
			defaultIsVisible = 0;
			defaultConfigurationIsVisible = 0;
			defaultConfigurationName = Release;
		};
		F04050C8EB574845B8EE29884DC74B4B /* Build configuration list for PBXProject "NetworkSwitchGetter" */ = {
			isa = XCConfigurationList;
			buildConfigurations = (
				F04050C8EB574845B8EE29884DC74B4C /* Debug */,
				F04050C8EB574845B8EE29884DC74B4D /* Release */,
			);
			defaultIsVisible = 0;
			defaultConfigurationIsVisible = 0;
			defaultConfigurationName = Release;
		};
/* End XCConfigurationList section */
	};
	rootObject = F04050C8EB574845B8EE29884DC74B42 /* Project object */;
}